<?xml version="1.0" encoding="UTF-8" standalone="yes" ?>
<CodeBlocks_project_file>
	<FileVersion major="1" minor="6" />
	<Project>
		<Option title="PuertoSerie" />
		<Option pch_mode="2" />
		<Option compiler="gcc" />
		<Build>
			<Target title="Debug">
				<Option output="bin/Debug/PuertoSerie" prefix_auto="1" extension_auto="1" />
				<Option object_output="obj/Debug/" />
				<Option type="1" />
				<Option compiler="gcc" />
				<Compiler>
					<Add option="-g" />
					<Add directory="include" />
					<Add directory="../PuertoSerie" />
				</Compiler>
			</Target>
			<Target title="Release">
				<Option output="bin/Release/PuertoSerie" prefix_auto="1" extension_auto="1" />
				<Option object_output="obj/Release/" />
				<Option type="1" />
				<Option compiler="gcc" />
				<Compiler>
					<Add option="-O2" />
					<Add directory="include" />
					<Add directory="../PuertoSerie" />
				</Compiler>
				<Linker>
					<Add option="-s" />
				</Linker>
			</Target>
		</Build>
		<Compiler>
			<Add option="-Wall" />
		</Compiler>
		<Unit filename="Enviar.cpp" />
		<Unit filename="Enviar.h" />
		<Unit filename="Main.cpp" />
		<Unit filename="PuertoSerie.cpp" />
		<Unit filename="PuertoSerie.h" />
		<Unit filename="Recibir.cpp" />
		<Unit filename="Recibir.h" />
		<Unit filename="Trama.cpp" />
		<Unit filename="Trama.h" />
		<Extensions>
			<code_completion />
			<envvars />
			<debugger />
		</Extensions>
	</Project>
</CodeBlocks_project_file>
